
Microsoft Visual Studio Solution File, Format Version 12.00
# Visual Studio Version 17
VisualStudioVersion = 17.3.32825.248
MinimumVisualStudioVersion = 10.0.40219.1
Project("{9A19103F-16F7-4668-BE54-9A1E7A4F7556}") = "Autoceste.DAL", "Autoceste.DAL\Autoceste.DAL.csproj", "{DC5FF3B6-B6DD-4378-9805-ACC441804838}"
EndProject
Project("{9A19103F-16F7-4668-BE54-9A1E7A4F7556}") = "Autoceste.BLL", "Autoceste.BLL\Autoceste.BLL.csproj", "{8461E8D6-AA9B-466C-A537-1E51687C1CE7}"
EndProject
Project("{FAE04EC0-301F-11D3-BF4B-00C04F79EFBC}") = "Autoceste.WebAPI", "Autoceste.WebAPI\Autoceste.WebAPI.csproj", "{8474099D-F919-4D7E-B84B-65A253FE78A4}"
EndProject
Global
	GlobalSection(SolutionConfigurationPlatforms) = preSolution
		Debug|Any CPU = Debug|Any CPU
		Release|Any CPU = Release|Any CPU
	EndGlobalSection
	GlobalSection(ProjectConfigurationPlatforms) = postSolution
		{DC5FF3B6-B6DD-4378-9805-ACC441804838}.Debug|Any CPU.ActiveCfg = Debug|Any CPU
		{DC5FF3B6-B6DD-4378-9805-ACC441804838}.Debug|Any CPU.Build.0 = Debug|Any CPU
		{DC5FF3B6-B6DD-4378-9805-ACC441804838}.Release|Any CPU.ActiveCfg = Release|Any CPU
		{DC5FF3B6-B6DD-4378-9805-ACC441804838}.Release|Any CPU.Build.0 = Release|Any CPU
		{8461E8D6-AA9B-466C-A537-1E51687C1CE7}.Debug|Any CPU.ActiveCfg = Debug|Any CPU
		{8461E8D6-AA9B-466C-A537-1E51687C1CE7}.Debug|Any CPU.Build.0 = Debug|Any CPU
		{8461E8D6-AA9B-466C-A537-1E51687C1CE7}.Release|Any CPU.ActiveCfg = Release|Any CPU
		{8461E8D6-AA9B-466C-A537-1E51687C1CE7}.Release|Any CPU.Build.0 = Release|Any CPU
		{8474099D-F919-4D7E-B84B-65A253FE78A4}.Debug|Any CPU.ActiveCfg = Debug|Any CPU
		{8474099D-F919-4D7E-B84B-65A253FE78A4}.Debug|Any CPU.Build.0 = Debug|Any CPU
		{8474099D-F919-4D7E-B84B-65A253FE78A4}.Release|Any CPU.ActiveCfg = Release|Any CPU
		{8474099D-F919-4D7E-B84B-65A253FE78A4}.Release|Any CPU.Build.0 = Release|Any CPU
	EndGlobalSection
	GlobalSection(SolutionProperties) = preSolution
		HideSolutionNode = FALSE
	EndGlobalSection
	GlobalSection(ExtensibilityGlobals) = postSolution
		SolutionGuid = {01E857A2-8DCB-4597-BC5F-862E601533E6}
	EndGlobalSection
EndGlobal
